
Microsoft Visual Studio Solution File, Format Version 12.00
# Visual Studio Version 17
VisualStudioVersion = 17.8.34511.84
MinimumVisualStudioVersion = 10.0.40219.1
Project("{FAE04EC0-301F-11D3-BF4B-00C04F79EFBC}") = "Floris_Campos", "Floris_Campos.csproj", "{6359550F-1EF8-448B-AA0E-58E08D70F4CB}"
EndProject
Global
	GlobalSection(SolutionConfigurationPlatforms) = preSolution
		Debug|Any CPU = Debug|Any CPU
		Release|Any CPU = Release|Any CPU
	EndGlobalSection
	GlobalSection(ProjectConfigurationPlatforms) = postSolution
		{6359550F-1EF8-448B-AA0E-58E08D70F4CB}.Debug|Any CPU.ActiveCfg = Debug|Any CPU
		{6359550F-1EF8-448B-AA0E-58E08D70F4CB}.Debug|Any CPU.Build.0 = Debug|Any CPU
		{6359550F-1EF8-448B-AA0E-58E08D70F4CB}.Release|Any CPU.ActiveCfg = Release|Any CPU
		{6359550F-1EF8-448B-AA0E-58E08D70F4CB}.Release|Any CPU.Build.0 = Release|Any CPU
	EndGlobalSection
	GlobalSection(SolutionProperties) = preSolution
		HideSolutionNode = FALSE
	EndGlobalSection
	GlobalSection(ExtensibilityGlobals) = postSolution
		SolutionGuid = {E2CD9DB6-B81E-4396-84FF-9A3806042EF6}
	EndGlobalSection
EndGlobal
